
Microsoft Visual Studio Solution File, Format Version 12.00
# Visual Studio Version 16
VisualStudioVersion = 16.0.33214.272
MinimumVisualStudioVersion = 10.0.40219.1
Project("{FAE04EC0-301F-11D3-BF4B-00C04F79EFBC}") = "Sistema de biblioteca", "Sistema de biblioteca\Sistema de biblioteca.csproj", "{6B597020-6129-4EB1-99EB-04510093005F}"
EndProject
Global
	GlobalSection(SolutionConfigurationPlatforms) = preSolution
		Debug|Any CPU = Debug|Any CPU
		Release|Any CPU = Release|Any CPU
	EndGlobalSection
	GlobalSection(ProjectConfigurationPlatforms) = postSolution
		{6B597020-6129-4EB1-99EB-04510093005F}.Debug|Any CPU.ActiveCfg = Debug|Any CPU
		{6B597020-6129-4EB1-99EB-04510093005F}.Debug|Any CPU.Build.0 = Debug|Any CPU
		{6B597020-6129-4EB1-99EB-04510093005F}.Release|Any CPU.ActiveCfg = Release|Any CPU
		{6B597020-6129-4EB1-99EB-04510093005F}.Release|Any CPU.Build.0 = Release|Any CPU
	EndGlobalSection
	GlobalSection(SolutionProperties) = preSolution
		HideSolutionNode = FALSE
	EndGlobalSection
	GlobalSection(ExtensibilityGlobals) = postSolution
		SolutionGuid = {78DE3560-C4B6-4302-A0E1-A97FA7CFEC5A}
	EndGlobalSection
EndGlobal
